
Microsoft Visual Studio Solution File, Format Version 12.00
# Visual Studio Version 17
VisualStudioVersion = 17.9.34622.214
MinimumVisualStudioVersion = 10.0.40219.1
Project("{FAE04EC0-301F-11D3-BF4B-00C04F79EFBC}") = "AngularApp1.Server", "AngularApp1.Server\AngularApp1.Server.csproj", "{120FCEE2-49A4-4E54-A169-9DD3D7C81ADE}"
EndProject
Project("{54A90642-561A-4BB1-A94E-469ADEE60C69}") = "angularapp1.client", "angularapp1.client\angularapp1.client.esproj", "{E05BA477-0C7C-4CA7-8950-EAF5DC43C52A}"
EndProject
Global
	GlobalSection(SolutionConfigurationPlatforms) = preSolution
		Debug|Any CPU = Debug|Any CPU
		Release|Any CPU = Release|Any CPU
	EndGlobalSection
	GlobalSection(ProjectConfigurationPlatforms) = postSolution
		{120FCEE2-49A4-4E54-A169-9DD3D7C81ADE}.Debug|Any CPU.ActiveCfg = Debug|Any CPU
		{120FCEE2-49A4-4E54-A169-9DD3D7C81ADE}.Debug|Any CPU.Build.0 = Debug|Any CPU
		{120FCEE2-49A4-4E54-A169-9DD3D7C81ADE}.Release|Any CPU.ActiveCfg = Release|Any CPU
		{120FCEE2-49A4-4E54-A169-9DD3D7C81ADE}.Release|Any CPU.Build.0 = Release|Any CPU
		{E05BA477-0C7C-4CA7-8950-EAF5DC43C52A}.Debug|Any CPU.ActiveCfg = Debug|Any CPU
		{E05BA477-0C7C-4CA7-8950-EAF5DC43C52A}.Debug|Any CPU.Build.0 = Debug|Any CPU
		{E05BA477-0C7C-4CA7-8950-EAF5DC43C52A}.Debug|Any CPU.Deploy.0 = Debug|Any CPU
		{E05BA477-0C7C-4CA7-8950-EAF5DC43C52A}.Release|Any CPU.ActiveCfg = Release|Any CPU
		{E05BA477-0C7C-4CA7-8950-EAF5DC43C52A}.Release|Any CPU.Build.0 = Release|Any CPU
		{E05BA477-0C7C-4CA7-8950-EAF5DC43C52A}.Release|Any CPU.Deploy.0 = Release|Any CPU
	EndGlobalSection
	GlobalSection(SolutionProperties) = preSolution
		HideSolutionNode = FALSE
	EndGlobalSection
	GlobalSection(ExtensibilityGlobals) = postSolution
		SolutionGuid = {3D8D2B7D-5B85-4D47-85EB-1618D83C097E}
	EndGlobalSection
EndGlobal
